{
  "version": 4,
  "terraform_version": "1.9.2",
  "serial": 192,
  "lineage": "622685f7-0b48-a5a6-cfa7-9a0211a35f9c",
  "outputs": {},
  "resources": [
    {
      "mode": "managed",
      "type": "aws_ecr_repository",
      "name": "registry",
      "provider": "provider[\"registry.terraform.io/hashicorp/aws\"]",
      "instances": [
        {
          "schema_version": 0,
          "attributes": {
            "arn": "arn:aws:ecr:us-east-1:224348101455:repository/my-app-registry",
            "encryption_configuration": [
              {
                "encryption_type": "AES256",
                "kms_key": ""
              }
            ],
            "force_delete": null,
            "id": "my-app-registry",
            "image_scanning_configuration": [
              {
                "scan_on_push": true
              }
            ],
            "image_tag_mutability": "MUTABLE",
            "name": "my-app-registry",
            "registry_id": "224348101455",
            "repository_url": "224348101455.dkr.ecr.us-east-1.amazonaws.com/my-app-registry",
            "tags": {
              "Project": "ecs-bluegreen"
            },
            "tags_all": {
              "Project": "ecs-bluegreen"
            },
            "timeouts": null
          },
          "sensitive_attributes": [],
          "private": "eyJlMmJmYjczMC1lY2FhLTExZTYtOGY4OC0zNDM2M2JjN2M0YzAiOnsiZGVsZXRlIjoxMjAwMDAwMDAwMDAwfX0="
        }
      ]
    }
  ],
  "check_results": null
}
